
Microsoft Visual Studio Solution File, Format Version 12.00
# Visual Studio 15
VisualStudioVersion = 15.0.27703.2042
MinimumVisualStudioVersion = 10.0.40219.1
Project("{9A19103F-16F7-4668-BE54-9A1E7A4F7556}") = "Caspara", "Caspara\Caspara.csproj", "{DBDF661A-9C0A-489F-8903-C6A99490A532}"
EndProject
Project("{9A19103F-16F7-4668-BE54-9A1E7A4F7556}") = "Caspara.Messaging.ZeroMQ", "Caspara.Messaging.ZeroMQ\Caspara.Messaging.ZeroMQ.csproj", "{426C1570-8A5B-4405-B76A-F61203BBDE0B}"
EndProject
Project("{9A19103F-16F7-4668-BE54-9A1E7A4F7556}") = "Caspara.Messaging.Server", "Caspara.Messaging.Server\Caspara.Messaging.Server.csproj", "{6E1908B7-F6CF-4194-B729-0D4F03226662}"
EndProject
Project("{9A19103F-16F7-4668-BE54-9A1E7A4F7556}") = "Caspara.Observations.ClientOne", "Caspara.Observations.ClientOne\Caspara.Observations.ClientOne.csproj", "{2CC14CB2-0137-4781-AFCC-583C3DDBCB81}"
EndProject
Project("{9A19103F-16F7-4668-BE54-9A1E7A4F7556}") = "Caspara.Observations.ClientTwo", "Caspara.Observations.ClientTwo\Caspara.Observations.ClientTwo.csproj", "{1B8E17CC-FE4A-4679-B072-E69614A56B04}"
EndProject
Project("{FAE04EC0-301F-11D3-BF4B-00C04F79EFBC}") = "Caspara.IO.TI335x", "Caspara.IO.TI335x\Caspara.IO.TI335x.csproj", "{3464F66E-CD39-4F16-878D-1C1F514EA87F}"
EndProject
Project("{FAE04EC0-301F-11D3-BF4B-00C04F79EFBC}") = "Caspara.Commands.ClientOne", "Caspara.Commands.ClientOne\Caspara.Commands.ClientOne.csproj", "{A903BCCE-B177-4AF3-8193-EF420F957924}"
EndProject
Project("{FAE04EC0-301F-11D3-BF4B-00C04F79EFBC}") = "Caspara.Commands.ClientTwo", "Caspara.Commands.ClientTwo\Caspara.Commands.ClientTwo.csproj", "{27A30D26-ABCC-420B-ACAD-CDF9D39E3A04}"
EndProject
Global
	GlobalSection(SolutionConfigurationPlatforms) = preSolution
		Debug|Any CPU = Debug|Any CPU
		Release|Any CPU = Release|Any CPU
	EndGlobalSection
	GlobalSection(ProjectConfigurationPlatforms) = postSolution
		{DBDF661A-9C0A-489F-8903-C6A99490A532}.Debug|Any CPU.ActiveCfg = Debug|Any CPU
		{DBDF661A-9C0A-489F-8903-C6A99490A532}.Debug|Any CPU.Build.0 = Debug|Any CPU
		{DBDF661A-9C0A-489F-8903-C6A99490A532}.Release|Any CPU.ActiveCfg = Release|Any CPU
		{DBDF661A-9C0A-489F-8903-C6A99490A532}.Release|Any CPU.Build.0 = Release|Any CPU
		{426C1570-8A5B-4405-B76A-F61203BBDE0B}.Debug|Any CPU.ActiveCfg = Debug|Any CPU
		{426C1570-8A5B-4405-B76A-F61203BBDE0B}.Debug|Any CPU.Build.0 = Debug|Any CPU
		{426C1570-8A5B-4405-B76A-F61203BBDE0B}.Release|Any CPU.ActiveCfg = Release|Any CPU
		{426C1570-8A5B-4405-B76A-F61203BBDE0B}.Release|Any CPU.Build.0 = Release|Any CPU
		{6E1908B7-F6CF-4194-B729-0D4F03226662}.Debug|Any CPU.ActiveCfg = Debug|Any CPU
		{6E1908B7-F6CF-4194-B729-0D4F03226662}.Debug|Any CPU.Build.0 = Debug|Any CPU
		{6E1908B7-F6CF-4194-B729-0D4F03226662}.Release|Any CPU.ActiveCfg = Release|Any CPU
		{6E1908B7-F6CF-4194-B729-0D4F03226662}.Release|Any CPU.Build.0 = Release|Any CPU
		{2CC14CB2-0137-4781-AFCC-583C3DDBCB81}.Debug|Any CPU.ActiveCfg = Debug|Any CPU
		{2CC14CB2-0137-4781-AFCC-583C3DDBCB81}.Debug|Any CPU.Build.0 = Debug|Any CPU
		{2CC14CB2-0137-4781-AFCC-583C3DDBCB81}.Release|Any CPU.ActiveCfg = Release|Any CPU
		{2CC14CB2-0137-4781-AFCC-583C3DDBCB81}.Release|Any CPU.Build.0 = Release|Any CPU
		{1B8E17CC-FE4A-4679-B072-E69614A56B04}.Debug|Any CPU.ActiveCfg = Debug|Any CPU
		{1B8E17CC-FE4A-4679-B072-E69614A56B04}.Debug|Any CPU.Build.0 = Debug|Any CPU
		{1B8E17CC-FE4A-4679-B072-E69614A56B04}.Release|Any CPU.ActiveCfg = Release|Any CPU
		{1B8E17CC-FE4A-4679-B072-E69614A56B04}.Release|Any CPU.Build.0 = Release|Any CPU
		{3464F66E-CD39-4F16-878D-1C1F514EA87F}.Debug|Any CPU.ActiveCfg = Debug|Any CPU
		{3464F66E-CD39-4F16-878D-1C1F514EA87F}.Debug|Any CPU.Build.0 = Debug|Any CPU
		{3464F66E-CD39-4F16-878D-1C1F514EA87F}.Release|Any CPU.ActiveCfg = Release|Any CPU
		{3464F66E-CD39-4F16-878D-1C1F514EA87F}.Release|Any CPU.Build.0 = Release|Any CPU
		{A903BCCE-B177-4AF3-8193-EF420F957924}.Debug|Any CPU.ActiveCfg = Debug|Any CPU
		{A903BCCE-B177-4AF3-8193-EF420F957924}.Debug|Any CPU.Build.0 = Debug|Any CPU
		{A903BCCE-B177-4AF3-8193-EF420F957924}.Release|Any CPU.ActiveCfg = Release|Any CPU
		{A903BCCE-B177-4AF3-8193-EF420F957924}.Release|Any CPU.Build.0 = Release|Any CPU
		{27A30D26-ABCC-420B-ACAD-CDF9D39E3A04}.Debug|Any CPU.ActiveCfg = Debug|Any CPU
		{27A30D26-ABCC-420B-ACAD-CDF9D39E3A04}.Debug|Any CPU.Build.0 = Debug|Any CPU
		{27A30D26-ABCC-420B-ACAD-CDF9D39E3A04}.Release|Any CPU.ActiveCfg = Release|Any CPU
		{27A30D26-ABCC-420B-ACAD-CDF9D39E3A04}.Release|Any CPU.Build.0 = Release|Any CPU
	EndGlobalSection
	GlobalSection(SolutionProperties) = preSolution
		HideSolutionNode = FALSE
	EndGlobalSection
	GlobalSection(ExtensibilityGlobals) = postSolution
		SolutionGuid = {CA6A5DB3-B221-4674-8324-65AEC3DB4626}
	EndGlobalSection
EndGlobal
