
Microsoft Visual Studio Solution File, Format Version 12.00
# Visual Studio 15
VisualStudioVersion = 15.0.27703.2042
MinimumVisualStudioVersion = 10.0.40219.1
Project("{9A19103F-16F7-4668-BE54-9A1E7A4F7556}") = "Caspara", "iCsys\Caspara.csproj", "{1DDBA530-4C42-4D9C-A79A-9CE59A6BA424}"
EndProject
Project("{9A19103F-16F7-4668-BE54-9A1E7A4F7556}") = "TestConsole", "TestConsole\TestConsole.csproj", "{F4201A46-A7FF-485E-B395-C032166D57D6}"
EndProject
Global
	GlobalSection(SolutionConfigurationPlatforms) = preSolution
		Debug|Any CPU = Debug|Any CPU
		Release|Any CPU = Release|Any CPU
	EndGlobalSection
	GlobalSection(ProjectConfigurationPlatforms) = postSolution
		{1DDBA530-4C42-4D9C-A79A-9CE59A6BA424}.Debug|Any CPU.ActiveCfg = Debug|Any CPU
		{1DDBA530-4C42-4D9C-A79A-9CE59A6BA424}.Debug|Any CPU.Build.0 = Debug|Any CPU
		{1DDBA530-4C42-4D9C-A79A-9CE59A6BA424}.Release|Any CPU.ActiveCfg = Release|Any CPU
		{1DDBA530-4C42-4D9C-A79A-9CE59A6BA424}.Release|Any CPU.Build.0 = Release|Any CPU
		{F4201A46-A7FF-485E-B395-C032166D57D6}.Debug|Any CPU.ActiveCfg = Debug|Any CPU
		{F4201A46-A7FF-485E-B395-C032166D57D6}.Debug|Any CPU.Build.0 = Debug|Any CPU
		{F4201A46-A7FF-485E-B395-C032166D57D6}.Release|Any CPU.ActiveCfg = Release|Any CPU
		{F4201A46-A7FF-485E-B395-C032166D57D6}.Release|Any CPU.Build.0 = Release|Any CPU
	EndGlobalSection
	GlobalSection(SolutionProperties) = preSolution
		HideSolutionNode = FALSE
	EndGlobalSection
	GlobalSection(ExtensibilityGlobals) = postSolution
		SolutionGuid = {CA6A5DB3-B221-4674-8324-65AEC3DB4626}
	EndGlobalSection
EndGlobal
